
Microsoft Visual Studio Solution File, Format Version 12.00
# Visual Studio 15
VisualStudioVersion = 15.0.28307.271
MinimumVisualStudioVersion = 10.0.40219.1
Project("{FAE04EC0-301F-11D3-BF4B-00C04F79EFBC}") = "SalonEnterpriseAplication", "SalonEnterpriseAplication\SalonEnterpriseAplication.csproj", "{F9802327-0E01-4BEA-BC98-D2B7523ED473}"
EndProject
Global
	GlobalSection(SolutionConfigurationPlatforms) = preSolution
		Debug|Any CPU = Debug|Any CPU
		Release|Any CPU = Release|Any CPU
	EndGlobalSection
	GlobalSection(ProjectConfigurationPlatforms) = postSolution
		{F9802327-0E01-4BEA-BC98-D2B7523ED473}.Debug|Any CPU.ActiveCfg = Debug|Any CPU
		{F9802327-0E01-4BEA-BC98-D2B7523ED473}.Debug|Any CPU.Build.0 = Debug|Any CPU
		{F9802327-0E01-4BEA-BC98-D2B7523ED473}.Release|Any CPU.ActiveCfg = Release|Any CPU
		{F9802327-0E01-4BEA-BC98-D2B7523ED473}.Release|Any CPU.Build.0 = Release|Any CPU
	EndGlobalSection
	GlobalSection(SolutionProperties) = preSolution
		HideSolutionNode = FALSE
	EndGlobalSection
	GlobalSection(ExtensibilityGlobals) = postSolution
		SolutionGuid = {2C200438-E7A5-4C7D-B9FF-DFF9A6C19FD1}
	EndGlobalSection
EndGlobal
